
Microsoft Visual Studio Solution File, Format Version 12.00
# Visual Studio Version 17
VisualStudioVersion = 17.11.35219.272
MinimumVisualStudioVersion = 10.0.40219.1
Project("{FAE04EC0-301F-11D3-BF4B-00C04F79EFBC}") = "Entities", "ProyectoWebAvanzada\Entities.csproj", "{64172C09-1AEE-490B-AF2E-251F931A2037}"
EndProject
Project("{FAE04EC0-301F-11D3-BF4B-00C04F79EFBC}") = "DAL", "DAL\DAL.csproj", "{C86C4A47-C0CC-4840-BE5B-6DE2000D133F}"
EndProject
Project("{FAE04EC0-301F-11D3-BF4B-00C04F79EFBC}") = "Backend", "Backend\Backend.csproj", "{2C3871B8-E82D-4660-818B-11E97352B478}"
EndProject
Global
	GlobalSection(SolutionConfigurationPlatforms) = preSolution
		Debug|Any CPU = Debug|Any CPU
		Release|Any CPU = Release|Any CPU
	EndGlobalSection
	GlobalSection(ProjectConfigurationPlatforms) = postSolution
		{64172C09-1AEE-490B-AF2E-251F931A2037}.Debug|Any CPU.ActiveCfg = Debug|Any CPU
		{64172C09-1AEE-490B-AF2E-251F931A2037}.Debug|Any CPU.Build.0 = Debug|Any CPU
		{64172C09-1AEE-490B-AF2E-251F931A2037}.Release|Any CPU.ActiveCfg = Release|Any CPU
		{64172C09-1AEE-490B-AF2E-251F931A2037}.Release|Any CPU.Build.0 = Release|Any CPU
		{C86C4A47-C0CC-4840-BE5B-6DE2000D133F}.Debug|Any CPU.ActiveCfg = Debug|Any CPU
		{C86C4A47-C0CC-4840-BE5B-6DE2000D133F}.Debug|Any CPU.Build.0 = Debug|Any CPU
		{C86C4A47-C0CC-4840-BE5B-6DE2000D133F}.Release|Any CPU.ActiveCfg = Release|Any CPU
		{C86C4A47-C0CC-4840-BE5B-6DE2000D133F}.Release|Any CPU.Build.0 = Release|Any CPU
		{2C3871B8-E82D-4660-818B-11E97352B478}.Debug|Any CPU.ActiveCfg = Debug|Any CPU
		{2C3871B8-E82D-4660-818B-11E97352B478}.Debug|Any CPU.Build.0 = Debug|Any CPU
		{2C3871B8-E82D-4660-818B-11E97352B478}.Release|Any CPU.ActiveCfg = Release|Any CPU
		{2C3871B8-E82D-4660-818B-11E97352B478}.Release|Any CPU.Build.0 = Release|Any CPU
	EndGlobalSection
	GlobalSection(SolutionProperties) = preSolution
		HideSolutionNode = FALSE
	EndGlobalSection
	GlobalSection(ExtensibilityGlobals) = postSolution
		SolutionGuid = {6F4561D7-D818-454D-A6EC-3FE7BDFB08C6}
	EndGlobalSection
EndGlobal
